
Microsoft Visual Studio Solution File, Format Version 12.00
# Visual Studio 15
VisualStudioVersion = 15.0.28307.421
MinimumVisualStudioVersion = 10.0.40219.1
Project("{FAE04EC0-301F-11D3-BF4B-00C04F79EFBC}") = "Server", "Server\Server.csproj", "{78CA2164-A0D8-488A-A133-1A10C7D05D2C}"
EndProject
Global
	GlobalSection(SolutionConfigurationPlatforms) = preSolution
		Debug|Any CPU = Debug|Any CPU
		Release|Any CPU = Release|Any CPU
	EndGlobalSection
	GlobalSection(ProjectConfigurationPlatforms) = postSolution
		{78CA2164-A0D8-488A-A133-1A10C7D05D2C}.Debug|Any CPU.ActiveCfg = Debug|Any CPU
		{78CA2164-A0D8-488A-A133-1A10C7D05D2C}.Debug|Any CPU.Build.0 = Debug|Any CPU
		{78CA2164-A0D8-488A-A133-1A10C7D05D2C}.Release|Any CPU.ActiveCfg = Release|Any CPU
		{78CA2164-A0D8-488A-A133-1A10C7D05D2C}.Release|Any CPU.Build.0 = Release|Any CPU
	EndGlobalSection
	GlobalSection(SolutionProperties) = preSolution
		HideSolutionNode = FALSE
	EndGlobalSection
	GlobalSection(ExtensibilityGlobals) = postSolution
		SolutionGuid = {E2DFDA21-B838-4D6C-8801-7C7134392F0A}
	EndGlobalSection
EndGlobal
